
Microsoft Visual Studio Solution File, Format Version 12.00
# Visual Studio Version 17
VisualStudioVersion = 17.0.32014.148
MinimumVisualStudioVersion = 10.0.40219.1
Project("{9A19103F-16F7-4668-BE54-9A1E7A4F7556}") = "Entsoe", "Entsoe\Entsoe.csproj", "{1CBDE968-0861-4374-92EF-0A444299327D}"
EndProject
Project("{FAE04EC0-301F-11D3-BF4B-00C04F79EFBC}") = "EntsoeTest", "EntsoeTest\EntsoeTest.csproj", "{1B835D8B-CE7B-4E2D-B1AE-115BE02C64E8}"
EndProject
Global
	GlobalSection(SolutionConfigurationPlatforms) = preSolution
		Debug|Any CPU = Debug|Any CPU
		Release|Any CPU = Release|Any CPU
	EndGlobalSection
	GlobalSection(ProjectConfigurationPlatforms) = postSolution
		{1CBDE968-0861-4374-92EF-0A444299327D}.Debug|Any CPU.ActiveCfg = Debug|Any CPU
		{1CBDE968-0861-4374-92EF-0A444299327D}.Debug|Any CPU.Build.0 = Debug|Any CPU
		{1CBDE968-0861-4374-92EF-0A444299327D}.Release|Any CPU.ActiveCfg = Release|Any CPU
		{1CBDE968-0861-4374-92EF-0A444299327D}.Release|Any CPU.Build.0 = Release|Any CPU
		{1B835D8B-CE7B-4E2D-B1AE-115BE02C64E8}.Debug|Any CPU.ActiveCfg = Debug|Any CPU
		{1B835D8B-CE7B-4E2D-B1AE-115BE02C64E8}.Debug|Any CPU.Build.0 = Debug|Any CPU
		{1B835D8B-CE7B-4E2D-B1AE-115BE02C64E8}.Release|Any CPU.ActiveCfg = Release|Any CPU
		{1B835D8B-CE7B-4E2D-B1AE-115BE02C64E8}.Release|Any CPU.Build.0 = Release|Any CPU
	EndGlobalSection
	GlobalSection(SolutionProperties) = preSolution
		HideSolutionNode = FALSE
	EndGlobalSection
	GlobalSection(ExtensibilityGlobals) = postSolution
		SolutionGuid = {A119A123-6CBB-4DF6-8A9F-1233CA8A4440}
	EndGlobalSection
EndGlobal
